# This file is autogenerated, do not edit; changes may be undone by the next 'dep ensure'.


[[projects]]
  digest = "1:11872ccb4422bdcc0a7c7a9cf7924211d88dc0aed7b0173c95afd87c48d2c396"
  name = "github.com/aws/aws-lambda-go"
  packages = [
    "events",
    "lambda",
    "lambda/handlertrace",
    "lambda/messages",
    "lambdacontext",
  ]
  pruneopts = ""
  revision = "5d6413264f82afaa7587b56e3f09f1422c898c68"
  version = "v1.24.0"

[[projects]]
  digest = "1:1ed1dae8b20e6fcf134cab3370f2dc14d3fcc5315d245cb8f3ccf06836ccd85f"
  name = "github.com/aws/aws-sdk-go"
  packages = [
    "aws",
    "aws/awserr",
    "aws/awsutil",
    "aws/client",
    "aws/client/metadata",
    "aws/corehandlers",
    "aws/credentials",
    "aws/credentials/ec2rolecreds",
    "aws/credentials/endpointcreds",
    "aws/credentials/processcreds",
    "aws/credentials/ssocreds",
    "aws/credentials/stscreds",
    "aws/crr",
    "aws/csm",
    "aws/defaults",
    "aws/ec2metadata",
    "aws/endpoints",
    "aws/request",
    "aws/session",
    "aws/signer/v4",
    "internal/context",
    "internal/ini",
    "internal/sdkio",
    "internal/sdkmath",
    "internal/sdkrand",
    "internal/sdkuri",
    "internal/shareddefaults",
    "internal/strings",
    "internal/sync/singleflight",
    "private/protocol",
    "private/protocol/json/jsonutil",
    "private/protocol/jsonrpc",
    "private/protocol/query",
    "private/protocol/query/queryutil",
    "private/protocol/rest",
    "private/protocol/restjson",
    "private/protocol/xml/xmlutil",
    "service/dynamodb",
    "service/dynamodb/dynamodbattribute",
    "service/ses",
    "service/sso",
    "service/sso/ssoiface",
    "service/sts",
    "service/sts/stsiface",
  ]
  pruneopts = ""
  revision = "8c3b6c6a094d7abe9c99aff174cbfccfddf017d5"
  version = "v1.38.62"

[[projects]]
  digest = "1:13fe471d0ed891e8544eddfeeb0471fd3c9f2015609a1c000aefdedf52a19d40"
  name = "github.com/jmespath/go-jmespath"
  packages = ["."]
  pruneopts = ""
  revision = "c2b33e84"

[[projects]]
  digest = "1:7f569d906bdd20d906b606415b7d794f798f91a62fcfb6a4daa6d50690fb7a3f"
  name = "github.com/satori/go.uuid"
  packages = ["."]
  pruneopts = ""
  revision = "f58768cc1a7a7e77a3bd49e98cdd21419399b6a3"
  version = "v1.2.0"

[[projects]]
  branch = "master"
  digest = "1:848141632c781af60b6e0e5a5e1b3b7337fc6b18077431f311cf7fab5b834f64"
  name = "golang.org/x/crypto"
  packages = ["pbkdf2"]
  pruneopts = ""
  revision = "c07d793c2f9aacf728fe68cbd7acd73adbd04159"

[solve-meta]
  analyzer-name = "dep"
  analyzer-version = 1
  input-imports = [
    "github.com/aws/aws-lambda-go/events",
    "github.com/aws/aws-lambda-go/lambda",
    "github.com/aws/aws-sdk-go/aws",
    "github.com/aws/aws-sdk-go/aws/awserr",
    "github.com/aws/aws-sdk-go/aws/session",
    "github.com/aws/aws-sdk-go/service/dynamodb",
    "github.com/aws/aws-sdk-go/service/dynamodb/dynamodbattribute",
    "github.com/aws/aws-sdk-go/service/ses",
    "github.com/satori/go.uuid",
    "golang.org/x/crypto/pbkdf2",
  ]
  solver-name = "gps-cdcl"
  solver-version = 1
